// !$*UTF8*$!
{
	archiveVersion = 1;
	classes = {
	};
	objectVersion = 52;
	objects = {

/* Begin PBXBuildFile section */
		59948841268956EC00FCE4D6 /* TopMoviePreview.swift in Sources */ = {isa = PBXBuildFile; fileRef = 59948840268956EC00FCE4D6 /* TopMoviePreview.swift */; };
		59948842268956EC00FCE4D6 /* TopMoviePreview.swift in Sources */ = {isa = PBXBuildFile; fileRef = 59948840268956EC00FCE4D6 /* TopMoviePreview.swift */; };
		59B942722689438900FD4021 /* NetflixCloneApp.swift in Sources */ = {isa = PBXBuildFile; fileRef = 59B9425F2689438800FD4021 /* NetflixCloneApp.swift */; };
		59B942732689438900FD4021 /* NetflixCloneApp.swift in Sources */ = {isa = PBXBuildFile; fileRef = 59B9425F2689438800FD4021 /* NetflixCloneApp.swift */; };
		59B942742689438900FD4021 /* ContentView.swift in Sources */ = {isa = PBXBuildFile; fileRef = 59B942602689438800FD4021 /* ContentView.swift */; };
		59B942752689438900FD4021 /* ContentView.swift in Sources */ = {isa = PBXBuildFile; fileRef = 59B942602689438800FD4021 /* ContentView.swift */; };
		59B942762689438900FD4021 /* Assets.xcassets in Resources */ = {isa = PBXBuildFile; fileRef = 59B942612689438800FD4021 /* Assets.xcassets */; };
		59B942772689438900FD4021 /* Assets.xcassets in Resources */ = {isa = PBXBuildFile; fileRef = 59B942612689438800FD4021 /* Assets.xcassets */; };
		59B942822689469500FD4021 /* KingfisherSwiftUI in Frameworks */ = {isa = PBXBuildFile; productRef = 59B942812689469500FD4021 /* KingfisherSwiftUI */; };
		59B942882689487D00FD4021 /* HomeView.swift in Sources */ = {isa = PBXBuildFile; fileRef = 59B942872689487D00FD4021 /* HomeView.swift */; };
		59B942892689487D00FD4021 /* HomeView.swift in Sources */ = {isa = PBXBuildFile; fileRef = 59B942872689487D00FD4021 /* HomeView.swift */; };
		59B9428B268948F100FD4021 /* Movie.swift in Sources */ = {isa = PBXBuildFile; fileRef = 59B9428A268948F100FD4021 /* Movie.swift */; };
		59B9428C268948F100FD4021 /* Movie.swift in Sources */ = {isa = PBXBuildFile; fileRef = 59B9428A268948F100FD4021 /* Movie.swift */; };
		59B9428E2689493600FD4021 /* StandardHomeMovie.swift in Sources */ = {isa = PBXBuildFile; fileRef = 59B9428D2689493600FD4021 /* StandardHomeMovie.swift */; };
		59B9428F2689493600FD4021 /* StandardHomeMovie.swift in Sources */ = {isa = PBXBuildFile; fileRef = 59B9428D2689493600FD4021 /* StandardHomeMovie.swift */; };
		59B942912689495000FD4021 /* GlobalHelpers.swift in Sources */ = {isa = PBXBuildFile; fileRef = 59B942902689495000FD4021 /* GlobalHelpers.swift */; };
		59B942922689495000FD4021 /* GlobalHelpers.swift in Sources */ = {isa = PBXBuildFile; fileRef = 59B942902689495000FD4021 /* GlobalHelpers.swift */; };
		59B9429426894CB300FD4021 /* HomeViewModel.swift in Sources */ = {isa = PBXBuildFile; fileRef = 59B9429326894CB300FD4021 /* HomeViewModel.swift */; };
		59B9429526894CB300FD4021 /* HomeViewModel.swift in Sources */ = {isa = PBXBuildFile; fileRef = 59B9429326894CB300FD4021 /* HomeViewModel.swift */; };
		59FC2E4B26895D3E00ABE6EF /* SmallVerticalButton.swift in Sources */ = {isa = PBXBuildFile; fileRef = 59FC2E4A26895D3E00ABE6EF /* SmallVerticalButton.swift */; };
		59FC2E4C26895D3E00ABE6EF /* SmallVerticalButton.swift in Sources */ = {isa = PBXBuildFile; fileRef = 59FC2E4A26895D3E00ABE6EF /* SmallVerticalButton.swift */; };
		59FC2E4E2689629600ABE6EF /* WhiteButton.swift in Sources */ = {isa = PBXBuildFile; fileRef = 59FC2E4D2689629600ABE6EF /* WhiteButton.swift */; };
		59FC2E4F2689629600ABE6EF /* WhiteButton.swift in Sources */ = {isa = PBXBuildFile; fileRef = 59FC2E4D2689629600ABE6EF /* WhiteButton.swift */; };
/* End PBXBuildFile section */

/* Begin PBXFileReference section */
		59948840268956EC00FCE4D6 /* TopMoviePreview.swift */ = {isa = PBXFileReference; lastKnownFileType = sourcecode.swift; path = TopMoviePreview.swift; sourceTree = "<group>"; };
		59B9425F2689438800FD4021 /* NetflixCloneApp.swift */ = {isa = PBXFileReference; lastKnownFileType = sourcecode.swift; path = NetflixCloneApp.swift; sourceTree = "<group>"; };
		59B942602689438800FD4021 /* ContentView.swift */ = {isa = PBXFileReference; lastKnownFileType = sourcecode.swift; path = ContentView.swift; sourceTree = "<group>"; };
		59B942612689438800FD4021 /* Assets.xcassets */ = {isa = PBXFileReference; lastKnownFileType = folder.assetcatalog; path = Assets.xcassets; sourceTree = "<group>"; };
		59B942662689438800FD4021 /* NetflixClone.app */ = {isa = PBXFileReference; explicitFileType = wrapper.application; includeInIndex = 0; path = NetflixClone.app; sourceTree = BUILT_PRODUCTS_DIR; };
		59B942692689438900FD4021 /* Info.plist */ = {isa = PBXFileReference; lastKnownFileType = text.plist.xml; path = Info.plist; sourceTree = "<group>"; };
		59B9426E2689438900FD4021 /* NetflixClone.app */ = {isa = PBXFileReference; explicitFileType = wrapper.application; includeInIndex = 0; path = NetflixClone.app; sourceTree = BUILT_PRODUCTS_DIR; };
		59B942702689438900FD4021 /* Info.plist */ = {isa = PBXFileReference; lastKnownFileType = text.plist.xml; path = Info.plist; sourceTree = "<group>"; };
		59B942712689438900FD4021 /* macOS.entitlements */ = {isa = PBXFileReference; lastKnownFileType = text.plist.entitlements; path = macOS.entitlements; sourceTree = "<group>"; };
		59B942872689487D00FD4021 /* HomeView.swift */ = {isa = PBXFileReference; lastKnownFileType = sourcecode.swift; name = HomeView.swift; path = Shared/HomeView.swift; sourceTree = SOURCE_ROOT; };
		59B9428A268948F100FD4021 /* Movie.swift */ = {isa = PBXFileReference; lastKnownFileType = sourcecode.swift; path = Movie.swift; sourceTree = "<group>"; };
		59B9428D2689493600FD4021 /* StandardHomeMovie.swift */ = {isa = PBXFileReference; lastKnownFileType = sourcecode.swift; path = StandardHomeMovie.swift; sourceTree = "<group>"; };
		59B942902689495000FD4021 /* GlobalHelpers.swift */ = {isa = PBXFileReference; lastKnownFileType = sourcecode.swift; path = GlobalHelpers.swift; sourceTree = "<group>"; };
		59B9429326894CB300FD4021 /* HomeViewModel.swift */ = {isa = PBXFileReference; lastKnownFileType = sourcecode.swift; path = HomeViewModel.swift; sourceTree = "<group>"; };
		59FC2E4A26895D3E00ABE6EF /* SmallVerticalButton.swift */ = {isa = PBXFileReference; lastKnownFileType = sourcecode.swift; path = SmallVerticalButton.swift; sourceTree = "<group>"; };
		59FC2E4D2689629600ABE6EF /* WhiteButton.swift */ = {isa = PBXFileReference; lastKnownFileType = sourcecode.swift; path = WhiteButton.swift; sourceTree = "<group>"; };
/* End PBXFileReference section */

/* Begin PBXFrameworksBuildPhase section */
		59B942632689438800FD4021 /* Frameworks */ = {
			isa = PBXFrameworksBuildPhase;
			buildActionMask = 2147483647;
			files = (
				59B942822689469500FD4021 /* KingfisherSwiftUI in Frameworks */,
			);
			runOnlyForDeploymentPostprocessing = 0;
		};
		59B9426B2689438900FD4021 /* Frameworks */ = {
			isa = PBXFrameworksBuildPhase;
			buildActionMask = 2147483647;
			files = (
			);
			runOnlyForDeploymentPostprocessing = 0;
		};
/* End PBXFrameworksBuildPhase section */

/* Begin PBXGroup section */
		59B942592689438700FD4021 = {
			isa = PBXGroup;
			children = (
				59B9425E2689438800FD4021 /* Shared */,
				59B942682689438900FD4021 /* iOS */,
				59B9426F2689438900FD4021 /* macOS */,
				59B942672689438800FD4021 /* Products */,
			);
			sourceTree = "<group>";
		};
		59B9425E2689438800FD4021 /* Shared */ = {
			isa = PBXGroup;
			children = (
				59B9425F2689438800FD4021 /* NetflixCloneApp.swift */,
				59B942602689438800FD4021 /* ContentView.swift */,
				59B942612689438800FD4021 /* Assets.xcassets */,
			);
			path = Shared;
			sourceTree = "<group>";
		};
		59B942672689438800FD4021 /* Products */ = {
			isa = PBXGroup;
			children = (
				59B942662689438800FD4021 /* NetflixClone.app */,
				59B9426E2689438900FD4021 /* NetflixClone.app */,
			);
			name = Products;
			sourceTree = "<group>";
		};
		59B942682689438900FD4021 /* iOS */ = {
			isa = PBXGroup;
			children = (
				59B942872689487D00FD4021 /* HomeView.swift */,
				59B9429326894CB300FD4021 /* HomeViewModel.swift */,
				59B942692689438900FD4021 /* Info.plist */,
				59B9428A268948F100FD4021 /* Movie.swift */,
				59B9428D2689493600FD4021 /* StandardHomeMovie.swift */,
				59B942902689495000FD4021 /* GlobalHelpers.swift */,
				59948840268956EC00FCE4D6 /* TopMoviePreview.swift */,
				59FC2E4D2689629600ABE6EF /* WhiteButton.swift */,
				59FC2E4A26895D3E00ABE6EF /* SmallVerticalButton.swift */,
			);
			path = iOS;
			sourceTree = "<group>";
		};
		59B9426F2689438900FD4021 /* macOS */ = {
			isa = PBXGroup;
			children = (
				59B942702689438900FD4021 /* Info.plist */,
				59B942712689438900FD4021 /* macOS.entitlements */,
			);
			path = macOS;
			sourceTree = "<group>";
		};
/* End PBXGroup section */

/* Begin PBXNativeTarget section */
		59B942652689438800FD4021 /* NetflixClone (iOS) */ = {
			isa = PBXNativeTarget;
			buildConfigurationList = 59B9427A2689438900FD4021 /* Build configuration list for PBXNativeTarget "NetflixClone (iOS)" */;
			buildPhases = (
				59B942622689438800FD4021 /* Sources */,
				59B942632689438800FD4021 /* Frameworks */,
				59B942642689438800FD4021 /* Resources */,
			);
			buildRules = (
			);
			dependencies = (
			);
			name = "NetflixClone (iOS)";
			packageProductDependencies = (
				59B942812689469500FD4021 /* KingfisherSwiftUI */,
			);
			productName = "NetflixClone (iOS)";
			productReference = 59B942662689438800FD4021 /* NetflixClone.app */;
			productType = "com.apple.product-type.application";
		};
		59B9426D2689438900FD4021 /* NetflixClone (macOS) */ = {
			isa = PBXNativeTarget;
			buildConfigurationList = 59B9427D2689438900FD4021 /* Build configuration list for PBXNativeTarget "NetflixClone (macOS)" */;
			buildPhases = (
				59B9426A2689438900FD4021 /* Sources */,
				59B9426B2689438900FD4021 /* Frameworks */,
				59B9426C2689438900FD4021 /* Resources */,
			);
			buildRules = (
			);
			dependencies = (
			);
			name = "NetflixClone (macOS)";
			productName = "NetflixClone (macOS)";
			productReference = 59B9426E2689438900FD4021 /* NetflixClone.app */;
			productType = "com.apple.product-type.application";
		};
/* End PBXNativeTarget section */

/* Begin PBXProject section */
		59B9425A2689438700FD4021 /* Project object */ = {
			isa = PBXProject;
			attributes = {
				LastSwiftUpdateCheck = 1250;
				LastUpgradeCheck = 1250;
				TargetAttributes = {
					59B942652689438800FD4021 = {
						CreatedOnToolsVersion = 12.5.1;
					};
					59B9426D2689438900FD4021 = {
						CreatedOnToolsVersion = 12.5.1;
					};
				};
			};
			buildConfigurationList = 59B9425D2689438700FD4021 /* Build configuration list for PBXProject "NetflixClone" */;
			compatibilityVersion = "Xcode 9.3";
			developmentRegion = en;
			hasScannedForEncodings = 0;
			knownRegions = (
				en,
				Base,
			);
			mainGroup = 59B942592689438700FD4021;
			packageReferences = (
				59B942802689469500FD4021 /* XCRemoteSwiftPackageReference "Kingfisher" */,
			);
			productRefGroup = 59B942672689438800FD4021 /* Products */;
			projectDirPath = "";
			projectRoot = "";
			targets = (
				59B942652689438800FD4021 /* NetflixClone (iOS) */,
				59B9426D2689438900FD4021 /* NetflixClone (macOS) */,
			);
		};
/* End PBXProject section */

/* Begin PBXResourcesBuildPhase section */
		59B942642689438800FD4021 /* Resources */ = {
			isa = PBXResourcesBuildPhase;
			buildActionMask = 2147483647;
			files = (
				59B942762689438900FD4021 /* Assets.xcassets in Resources */,
			);
			runOnlyForDeploymentPostprocessing = 0;
		};
		59B9426C2689438900FD4021 /* Resources */ = {
			isa = PBXResourcesBuildPhase;
			buildActionMask = 2147483647;
			files = (
				59B942772689438900FD4021 /* Assets.xcassets in Resources */,
			);
			runOnlyForDeploymentPostprocessing = 0;
		};
/* End PBXResourcesBuildPhase section */

/* Begin PBXSourcesBuildPhase section */
		59B942622689438800FD4021 /* Sources */ = {
			isa = PBXSourcesBuildPhase;
			buildActionMask = 2147483647;
			files = (
				59B942912689495000FD4021 /* GlobalHelpers.swift in Sources */,
				59B942882689487D00FD4021 /* HomeView.swift in Sources */,
				59B9429426894CB300FD4021 /* HomeViewModel.swift in Sources */,
				59B942742689438900FD4021 /* ContentView.swift in Sources */,
				59B9428E2689493600FD4021 /* StandardHomeMovie.swift in Sources */,
				59948841268956EC00FCE4D6 /* TopMoviePreview.swift in Sources */,
				59B9428B268948F100FD4021 /* Movie.swift in Sources */,
				59B942722689438900FD4021 /* NetflixCloneApp.swift in Sources */,
				59FC2E4B26895D3E00ABE6EF /* SmallVerticalButton.swift in Sources */,
				59FC2E4E2689629600ABE6EF /* WhiteButton.swift in Sources */,
			);
			runOnlyForDeploymentPostprocessing = 0;
		};
		59B9426A2689438900FD4021 /* Sources */ = {
			isa = PBXSourcesBuildPhase;
			buildActionMask = 2147483647;
			files = (
				59B942922689495000FD4021 /* GlobalHelpers.swift in Sources */,
				59B942892689487D00FD4021 /* HomeView.swift in Sources */,
				59B9429526894CB300FD4021 /* HomeViewModel.swift in Sources */,
				59B942752689438900FD4021 /* ContentView.swift in Sources */,
				59B9428F2689493600FD4021 /* StandardHomeMovie.swift in Sources */,
				59948842268956EC00FCE4D6 /* TopMoviePreview.swift in Sources */,
				59B9428C268948F100FD4021 /* Movie.swift in Sources */,
				59B942732689438900FD4021 /* NetflixCloneApp.swift in Sources */,
				59FC2E4C26895D3E00ABE6EF /* SmallVerticalButton.swift in Sources */,
				59FC2E4F2689629600ABE6EF /* WhiteButton.swift in Sources */,
			);
			runOnlyForDeploymentPostprocessing = 0;
		};
/* End PBXSourcesBuildPhase section */

/* Begin XCBuildConfiguration section */
		59B942782689438900FD4021 /* Debug */ = {
			isa = XCBuildConfiguration;
			buildSettings = {
				ALWAYS_SEARCH_USER_PATHS = NO;
				CLANG_ANALYZER_NONNULL = YES;
				CLANG_ANALYZER_NUMBER_OBJECT_CONVERSION = YES_AGGRESSIVE;
				CLANG_CXX_LANGUAGE_STANDARD = "gnu++14";
				CLANG_CXX_LIBRARY = "libc++";
				CLANG_ENABLE_MODULES = YES;
				CLANG_ENABLE_OBJC_ARC = YES;
				CLANG_ENABLE_OBJC_WEAK = YES;
				CLANG_WARN_BLOCK_CAPTURE_AUTORELEASING = YES;
				CLANG_WARN_BOOL_CONVERSION = YES;
				CLANG_WARN_COMMA = YES;
				CLANG_WARN_CONSTANT_CONVERSION = YES;
				CLANG_WARN_DEPRECATED_OBJC_IMPLEMENTATIONS = YES;
				CLANG_WARN_DIRECT_OBJC_ISA_USAGE = YES_ERROR;
				CLANG_WARN_DOCUMENTATION_COMMENTS = YES;
				CLANG_WARN_EMPTY_BODY = YES;
				CLANG_WARN_ENUM_CONVERSION = YES;
				CLANG_WARN_INFINITE_RECURSION = YES;
				CLANG_WARN_INT_CONVERSION = YES;
				CLANG_WARN_NON_LITERAL_NULL_CONVERSION = YES;
				CLANG_WARN_OBJC_IMPLICIT_RETAIN_SELF = YES;
				CLANG_WARN_OBJC_LITERAL_CONVERSION = YES;
				CLANG_WARN_OBJC_ROOT_CLASS = YES_ERROR;
				CLANG_WARN_QUOTED_INCLUDE_IN_FRAMEWORK_HEADER = YES;
				CLANG_WARN_RANGE_LOOP_ANALYSIS = YES;
				CLANG_WARN_STRICT_PROTOTYPES = YES;
				CLANG_WARN_SUSPICIOUS_MOVE = YES;
				CLANG_WARN_UNGUARDED_AVAILABILITY = YES_AGGRESSIVE;
				CLANG_WARN_UNREACHABLE_CODE = YES;
				CLANG_WARN__DUPLICATE_METHOD_MATCH = YES;
				COPY_PHASE_STRIP = NO;
				DEBUG_INFORMATION_FORMAT = dwarf;
				ENABLE_STRICT_OBJC_MSGSEND = YES;
				ENABLE_TESTABILITY = YES;
				GCC_C_LANGUAGE_STANDARD = gnu11;
				GCC_DYNAMIC_NO_PIC = NO;
				GCC_NO_COMMON_BLOCKS = YES;
				GCC_OPTIMIZATION_LEVEL = 0;
				GCC_PREPROCESSOR_DEFINITIONS = (
					"DEBUG=1",
					"$(inherited)",
				);
				GCC_WARN_64_TO_32_BIT_CONVERSION = YES;
				GCC_WARN_ABOUT_RETURN_TYPE = YES_ERROR;
				GCC_WARN_UNDECLARED_SELECTOR = YES;
				GCC_WARN_UNINITIALIZED_AUTOS = YES_AGGRESSIVE;
				GCC_WARN_UNUSED_FUNCTION = YES;
				GCC_WARN_UNUSED_VARIABLE = YES;
				MTL_ENABLE_DEBUG_INFO = INCLUDE_SOURCE;
				MTL_FAST_MATH = YES;
				ONLY_ACTIVE_ARCH = YES;
				SWIFT_ACTIVE_COMPILATION_CONDITIONS = DEBUG;
				SWIFT_OPTIMIZATION_LEVEL = "-Onone";
			};
			name = Debug;
		};
		59B942792689438900FD4021 /* Release */ = {
			isa = XCBuildConfiguration;
			buildSettings = {
				ALWAYS_SEARCH_USER_PATHS = NO;
				CLANG_ANALYZER_NONNULL = YES;
				CLANG_ANALYZER_NUMBER_OBJECT_CONVERSION = YES_AGGRESSIVE;
				CLANG_CXX_LANGUAGE_STANDARD = "gnu++14";
				CLANG_CXX_LIBRARY = "libc++";
				CLANG_ENABLE_MODULES = YES;
				CLANG_ENABLE_OBJC_ARC = YES;
				CLANG_ENABLE_OBJC_WEAK = YES;
				CLANG_WARN_BLOCK_CAPTURE_AUTORELEASING = YES;
				CLANG_WARN_BOOL_CONVERSION = YES;
				CLANG_WARN_COMMA = YES;
				CLANG_WARN_CONSTANT_CONVERSION = YES;
				CLANG_WARN_DEPRECATED_OBJC_IMPLEMENTATIONS = YES;
				CLANG_WARN_DIRECT_OBJC_ISA_USAGE = YES_ERROR;
				CLANG_WARN_DOCUMENTATION_COMMENTS = YES;
				CLANG_WARN_EMPTY_BODY = YES;
				CLANG_WARN_ENUM_CONVERSION = YES;
				CLANG_WARN_INFINITE_RECURSION = YES;
				CLANG_WARN_INT_CONVERSION = YES;
				CLANG_WARN_NON_LITERAL_NULL_CONVERSION = YES;
				CLANG_WARN_OBJC_IMPLICIT_RETAIN_SELF = YES;
				CLANG_WARN_OBJC_LITERAL_CONVERSION = YES;
				CLANG_WARN_OBJC_ROOT_CLASS = YES_ERROR;
				CLANG_WARN_QUOTED_INCLUDE_IN_FRAMEWORK_HEADER = YES;
				CLANG_WARN_RANGE_LOOP_ANALYSIS = YES;
				CLANG_WARN_STRICT_PROTOTYPES = YES;
				CLANG_WARN_SUSPICIOUS_MOVE = YES;
				CLANG_WARN_UNGUARDED_AVAILABILITY = YES_AGGRESSIVE;
				CLANG_WARN_UNREACHABLE_CODE = YES;
				CLANG_WARN__DUPLICATE_METHOD_MATCH = YES;
				COPY_PHASE_STRIP = NO;
				DEBUG_INFORMATION_FORMAT = "dwarf-with-dsym";
				ENABLE_NS_ASSERTIONS = NO;
				ENABLE_STRICT_OBJC_MSGSEND = YES;
				GCC_C_LANGUAGE_STANDARD = gnu11;
				GCC_NO_COMMON_BLOCKS = YES;
				GCC_WARN_64_TO_32_BIT_CONVERSION = YES;
				GCC_WARN_ABOUT_RETURN_TYPE = YES_ERROR;
				GCC_WARN_UNDECLARED_SELECTOR = YES;
				GCC_WARN_UNINITIALIZED_AUTOS = YES_AGGRESSIVE;
				GCC_WARN_UNUSED_FUNCTION = YES;
				GCC_WARN_UNUSED_VARIABLE = YES;
				MTL_ENABLE_DEBUG_INFO = NO;
				MTL_FAST_MATH = YES;
				SWIFT_COMPILATION_MODE = wholemodule;
				SWIFT_OPTIMIZATION_LEVEL = "-O";
			};
			name = Release;
		};
		59B9427B2689438900FD4021 /* Debug */ = {
			isa = XCBuildConfiguration;
			buildSettings = {
				ASSETCATALOG_COMPILER_APPICON_NAME = AppIcon;
				ASSETCATALOG_COMPILER_GLOBAL_ACCENT_COLOR_NAME = AccentColor;
				CODE_SIGN_STYLE = Automatic;
				DEVELOPMENT_TEAM = DD62CH35WB;
				ENABLE_PREVIEWS = YES;
				INFOPLIST_FILE = iOS/Info.plist;
				IPHONEOS_DEPLOYMENT_TARGET = 14.0;
				LD_RUNPATH_SEARCH_PATHS = (
					"$(inherited)",
					"@executable_path/Frameworks",
				);
				PRODUCT_BUNDLE_IDENTIFIER = dev.tugan.NetflixClone;
				PRODUCT_NAME = NetflixClone;
				SDKROOT = iphoneos;
				SWIFT_VERSION = 5.0;
				TARGETED_DEVICE_FAMILY = "1,2";
			};
			name = Debug;
		};
		59B9427C2689438900FD4021 /* Release */ = {
			isa = XCBuildConfiguration;
			buildSettings = {
				ASSETCATALOG_COMPILER_APPICON_NAME = AppIcon;
				ASSETCATALOG_COMPILER_GLOBAL_ACCENT_COLOR_NAME = AccentColor;
				CODE_SIGN_STYLE = Automatic;
				DEVELOPMENT_TEAM = DD62CH35WB;
				ENABLE_PREVIEWS = YES;
				INFOPLIST_FILE = iOS/Info.plist;
				IPHONEOS_DEPLOYMENT_TARGET = 14.0;
				LD_RUNPATH_SEARCH_PATHS = (
					"$(inherited)",
					"@executable_path/Frameworks",
				);
				PRODUCT_BUNDLE_IDENTIFIER = dev.tugan.NetflixClone;
				PRODUCT_NAME = NetflixClone;
				SDKROOT = iphoneos;
				SWIFT_VERSION = 5.0;
				TARGETED_DEVICE_FAMILY = "1,2";
				VALIDATE_PRODUCT = YES;
			};
			name = Release;
		};
		59B9427E2689438900FD4021 /* Debug */ = {
			isa = XCBuildConfiguration;
			buildSettings = {
				ASSETCATALOG_COMPILER_APPICON_NAME = AppIcon;
				ASSETCATALOG_COMPILER_GLOBAL_ACCENT_COLOR_NAME = AccentColor;
				CODE_SIGN_ENTITLEMENTS = macOS/macOS.entitlements;
				CODE_SIGN_STYLE = Automatic;
				COMBINE_HIDPI_IMAGES = YES;
				DEVELOPMENT_TEAM = DD62CH35WB;
				ENABLE_HARDENED_RUNTIME = YES;
				ENABLE_PREVIEWS = YES;
				INFOPLIST_FILE = macOS/Info.plist;
				LD_RUNPATH_SEARCH_PATHS = (
					"$(inherited)",
					"@executable_path/../Frameworks",
				);
				MACOSX_DEPLOYMENT_TARGET = 11.0;
				PRODUCT_BUNDLE_IDENTIFIER = dev.tugan.NetflixClone;
				PRODUCT_NAME = NetflixClone;
				SDKROOT = macosx;
				SWIFT_VERSION = 5.0;
			};
			name = Debug;
		};
		59B9427F2689438900FD4021 /* Release */ = {
			isa = XCBuildConfiguration;
			buildSettings = {
				ASSETCATALOG_COMPILER_APPICON_NAME = AppIcon;
				ASSETCATALOG_COMPILER_GLOBAL_ACCENT_COLOR_NAME = AccentColor;
				CODE_SIGN_ENTITLEMENTS = macOS/macOS.entitlements;
				CODE_SIGN_STYLE = Automatic;
				COMBINE_HIDPI_IMAGES = YES;
				DEVELOPMENT_TEAM = DD62CH35WB;
				ENABLE_HARDENED_RUNTIME = YES;
				ENABLE_PREVIEWS = YES;
				INFOPLIST_FILE = macOS/Info.plist;
				LD_RUNPATH_SEARCH_PATHS = (
					"$(inherited)",
					"@executable_path/../Frameworks",
				);
				MACOSX_DEPLOYMENT_TARGET = 11.0;
				PRODUCT_BUNDLE_IDENTIFIER = dev.tugan.NetflixClone;
				PRODUCT_NAME = NetflixClone;
				SDKROOT = macosx;
				SWIFT_VERSION = 5.0;
			};
			name = Release;
		};
/* End XCBuildConfiguration section */

/* Begin XCConfigurationList section */
		59B9425D2689438700FD4021 /* Build configuration list for PBXProject "NetflixClone" */ = {
			isa = XCConfigurationList;
			buildConfigurations = (
				59B942782689438900FD4021 /* Debug */,
				59B942792689438900FD4021 /* Release */,
			);
			defaultConfigurationIsVisible = 0;
			defaultConfigurationName = Release;
		};
		59B9427A2689438900FD4021 /* Build configuration list for PBXNativeTarget "NetflixClone (iOS)" */ = {
			isa = XCConfigurationList;
			buildConfigurations = (
				59B9427B2689438900FD4021 /* Debug */,
				59B9427C2689438900FD4021 /* Release */,
			);
			defaultConfigurationIsVisible = 0;
			defaultConfigurationName = Release;
		};
		59B9427D2689438900FD4021 /* Build configuration list for PBXNativeTarget "NetflixClone (macOS)" */ = {
			isa = XCConfigurationList;
			buildConfigurations = (
				59B9427E2689438900FD4021 /* Debug */,
				59B9427F2689438900FD4021 /* Release */,
			);
			defaultConfigurationIsVisible = 0;
			defaultConfigurationName = Release;
		};
/* End XCConfigurationList section */

/* Begin XCRemoteSwiftPackageReference section */
		59B942802689469500FD4021 /* XCRemoteSwiftPackageReference "Kingfisher" */ = {
			isa = XCRemoteSwiftPackageReference;
			repositoryURL = "https://github.com/onevcat/Kingfisher";
			requirement = {
				kind = upToNextMajorVersion;
				minimumVersion = 5.14.1;
			};
		};
/* End XCRemoteSwiftPackageReference section */

/* Begin XCSwiftPackageProductDependency section */
		59B942812689469500FD4021 /* KingfisherSwiftUI */ = {
			isa = XCSwiftPackageProductDependency;
			package = 59B942802689469500FD4021 /* XCRemoteSwiftPackageReference "Kingfisher" */;
			productName = KingfisherSwiftUI;
		};
/* End XCSwiftPackageProductDependency section */
	};
	rootObject = 59B9425A2689438700FD4021 /* Project object */;
}
